
Microsoft Visual Studio Solution File, Format Version 12.00
# Visual Studio 15
VisualStudioVersion = 15.0.28010.2016
MinimumVisualStudioVersion = 10.0.40219.1
Project("{8BC9CEB8-8B4A-11D0-8D11-00A0C91BC942}") = "MTApp_Communication", "MTApp_Communication\MTApp_Communication.vcxproj", "{77C8ADF1-5DCA-4A50-9E75-038C9C59CB11}"
EndProject
Global
	GlobalSection(SolutionConfigurationPlatforms) = preSolution
		Debug|x64 = Debug|x64
		Debug|x86 = Debug|x86
		Release|x64 = Release|x64
		Release|x86 = Release|x86
	EndGlobalSection
	GlobalSection(ProjectConfigurationPlatforms) = postSolution
		{77C8ADF1-5DCA-4A50-9E75-038C9C59CB11}.Debug|x64.ActiveCfg = Debug|x64
		{77C8ADF1-5DCA-4A50-9E75-038C9C59CB11}.Debug|x64.Build.0 = Debug|x64
		{77C8ADF1-5DCA-4A50-9E75-038C9C59CB11}.Debug|x86.ActiveCfg = Debug|Win32
		{77C8ADF1-5DCA-4A50-9E75-038C9C59CB11}.Debug|x86.Build.0 = Debug|Win32
		{77C8ADF1-5DCA-4A50-9E75-038C9C59CB11}.Release|x64.ActiveCfg = Release|x64
		{77C8ADF1-5DCA-4A50-9E75-038C9C59CB11}.Release|x64.Build.0 = Release|x64
		{77C8ADF1-5DCA-4A50-9E75-038C9C59CB11}.Release|x86.ActiveCfg = Release|Win32
		{77C8ADF1-5DCA-4A50-9E75-038C9C59CB11}.Release|x86.Build.0 = Release|Win32
	EndGlobalSection
	GlobalSection(SolutionProperties) = preSolution
		HideSolutionNode = FALSE
	EndGlobalSection
	GlobalSection(ExtensibilityGlobals) = postSolution
		SolutionGuid = {EB5A9249-2C27-4541-8D4F-C72029C8C0B6}
	EndGlobalSection
EndGlobal
